
Microsoft Visual Studio Solution File, Format Version 12.00
# Visual Studio Version 17
VisualStudioVersion = 17.0.31903.59
MinimumVisualStudioVersion = 10.0.40219.1
Project("{2150E333-8FDC-42A3-9474-1A3956D46DE8}") = "src", "src", "{827E0CD3-B72D-47B6-A68D-7590B98EB39B}"
EndProject
Project("{FAE04EC0-301F-11D3-BF4B-00C04F79EFBC}") = "YARG.Online.Lobbies", "src\YARG.Online.Lobbies\YARG.Online.Lobbies.csproj", "{9E6D00E4-8B73-4C7D-81E9-1BF41B500712}"
EndProject
Project("{FAE04EC0-301F-11D3-BF4B-00C04F79EFBC}") = "YARG.Online.Lobbies.Contracts", "src\YARG.Online.Lobbies.Contracts\YARG.Online.Lobbies.Contracts.csproj", "{2FBB7B42-DAB3-488E-8CF8-0A5EBA46D279}"
EndProject
Project("{FAE04EC0-301F-11D3-BF4B-00C04F79EFBC}") = "YARG.Online.Lobbies.Tests", "src\YARG.Online.Lobbies.Tests\YARG.Online.Lobbies.Tests.csproj", "{497324F0-6B99-4E80-BD47-516CF5E369D8}"
EndProject
Project("{FAE04EC0-301F-11D3-BF4B-00C04F79EFBC}") = "YARG.Online.Game", "src\YARG.Online.Game\YARG.Online.Game.csproj", "{DEED773C-1521-460A-B444-51BC3C483E86}"
EndProject
Project("{FAE04EC0-301F-11D3-BF4B-00C04F79EFBC}") = "YARG.Online.Game.Tests", "src\YARG.Online.Game.Tests\YARG.Online.Game.Tests.csproj", "{1909FB11-B4D8-4D99-88B6-BAF83DA8BB57}"
EndProject
Project("{FAE04EC0-301F-11D3-BF4B-00C04F79EFBC}") = "YARG.Online.Game.Contracts", "src\YARG.Online.Game.Contracts\YARG.Online.Game.Contracts.csproj", "{10E0FD8D-07DF-465B-B57D-5ECB7A946713}"
EndProject
Project("{FAE04EC0-301F-11D3-BF4B-00C04F79EFBC}") = "YARG.Online.E2E.Tests", "src\YARG.Online.E2E.Tests\YARG.Online.E2E.Tests.csproj", "{B195092F-EA88-41D0-B677-B1DF4B7B2DFA}"
EndProject
Project("{2150E333-8FDC-42A3-9474-1A3956D46DE8}") = "libraries", "libraries", "{F2E35B3E-9711-EDEC-6202-DB40BDEED14A}"
EndProject
Project("{2150E333-8FDC-42A3-9474-1A3956D46DE8}") = "YARG.Core", "YARG.Core", "{C8C2CA6F-0E1F-9BB0-B371-31A6D8848142}"
EndProject
Project("{FAE04EC0-301F-11D3-BF4B-00C04F79EFBC}") = "YARG.Core", "libraries\YARG.Core\YARG.Core\YARG.Core.csproj", "{450F4EE8-357A-4161-AC26-D018832494FA}"
EndProject
Project("{FAE04EC0-301F-11D3-BF4B-00C04F79EFBC}") = "YARG.Online.MessageBus", "src\YARG.Online.MessageBus\YARG.Online.MessageBus.csproj", "{C46A13D6-E458-4F7E-8BFB-5D650255AC66}"
EndProject
Project("{FAE04EC0-301F-11D3-BF4B-00C04F79EFBC}") = "YARG.Online.MessageBus.Tests", "src\YARG.Online.MessageBus.Tests\YARG.Online.MessageBus.Tests.csproj", "{806E3EA5-AD94-495E-A79A-3FE67E0E8C29}"
EndProject
Global
	GlobalSection(SolutionConfigurationPlatforms) = preSolution
		Debug|Any CPU = Debug|Any CPU
		Debug|x64 = Debug|x64
		Debug|x86 = Debug|x86
		Release|Any CPU = Release|Any CPU
		Release|x64 = Release|x64
		Release|x86 = Release|x86
	EndGlobalSection
	GlobalSection(ProjectConfigurationPlatforms) = postSolution
		{9E6D00E4-8B73-4C7D-81E9-1BF41B500712}.Debug|Any CPU.ActiveCfg = Debug|Any CPU
		{9E6D00E4-8B73-4C7D-81E9-1BF41B500712}.Debug|Any CPU.Build.0 = Debug|Any CPU
		{9E6D00E4-8B73-4C7D-81E9-1BF41B500712}.Debug|x64.ActiveCfg = Debug|Any CPU
		{9E6D00E4-8B73-4C7D-81E9-1BF41B500712}.Debug|x64.Build.0 = Debug|Any CPU
		{9E6D00E4-8B73-4C7D-81E9-1BF41B500712}.Debug|x86.ActiveCfg = Debug|Any CPU
		{9E6D00E4-8B73-4C7D-81E9-1BF41B500712}.Debug|x86.Build.0 = Debug|Any CPU
		{9E6D00E4-8B73-4C7D-81E9-1BF41B500712}.Release|Any CPU.ActiveCfg = Release|Any CPU
		{9E6D00E4-8B73-4C7D-81E9-1BF41B500712}.Release|Any CPU.Build.0 = Release|Any CPU
		{9E6D00E4-8B73-4C7D-81E9-1BF41B500712}.Release|x64.ActiveCfg = Release|Any CPU
		{9E6D00E4-8B73-4C7D-81E9-1BF41B500712}.Release|x64.Build.0 = Release|Any CPU
		{9E6D00E4-8B73-4C7D-81E9-1BF41B500712}.Release|x86.ActiveCfg = Release|Any CPU
		{9E6D00E4-8B73-4C7D-81E9-1BF41B500712}.Release|x86.Build.0 = Release|Any CPU
		{2FBB7B42-DAB3-488E-8CF8-0A5EBA46D279}.Debug|Any CPU.ActiveCfg = Debug|Any CPU
		{2FBB7B42-DAB3-488E-8CF8-0A5EBA46D279}.Debug|Any CPU.Build.0 = Debug|Any CPU
		{2FBB7B42-DAB3-488E-8CF8-0A5EBA46D279}.Debug|x64.ActiveCfg = Debug|Any CPU
		{2FBB7B42-DAB3-488E-8CF8-0A5EBA46D279}.Debug|x64.Build.0 = Debug|Any CPU
		{2FBB7B42-DAB3-488E-8CF8-0A5EBA46D279}.Debug|x86.ActiveCfg = Debug|Any CPU
		{2FBB7B42-DAB3-488E-8CF8-0A5EBA46D279}.Debug|x86.Build.0 = Debug|Any CPU
		{2FBB7B42-DAB3-488E-8CF8-0A5EBA46D279}.Release|Any CPU.ActiveCfg = Release|Any CPU
		{2FBB7B42-DAB3-488E-8CF8-0A5EBA46D279}.Release|Any CPU.Build.0 = Release|Any CPU
		{2FBB7B42-DAB3-488E-8CF8-0A5EBA46D279}.Release|x64.ActiveCfg = Release|Any CPU
		{2FBB7B42-DAB3-488E-8CF8-0A5EBA46D279}.Release|x64.Build.0 = Release|Any CPU
		{2FBB7B42-DAB3-488E-8CF8-0A5EBA46D279}.Release|x86.ActiveCfg = Release|Any CPU
		{2FBB7B42-DAB3-488E-8CF8-0A5EBA46D279}.Release|x86.Build.0 = Release|Any CPU
		{497324F0-6B99-4E80-BD47-516CF5E369D8}.Debug|Any CPU.ActiveCfg = Debug|Any CPU
		{497324F0-6B99-4E80-BD47-516CF5E369D8}.Debug|Any CPU.Build.0 = Debug|Any CPU
		{497324F0-6B99-4E80-BD47-516CF5E369D8}.Debug|x64.ActiveCfg = Debug|Any CPU
		{497324F0-6B99-4E80-BD47-516CF5E369D8}.Debug|x64.Build.0 = Debug|Any CPU
		{497324F0-6B99-4E80-BD47-516CF5E369D8}.Debug|x86.ActiveCfg = Debug|Any CPU
		{497324F0-6B99-4E80-BD47-516CF5E369D8}.Debug|x86.Build.0 = Debug|Any CPU
		{497324F0-6B99-4E80-BD47-516CF5E369D8}.Release|Any CPU.ActiveCfg = Release|Any CPU
		{497324F0-6B99-4E80-BD47-516CF5E369D8}.Release|Any CPU.Build.0 = Release|Any CPU
		{497324F0-6B99-4E80-BD47-516CF5E369D8}.Release|x64.ActiveCfg = Release|Any CPU
		{497324F0-6B99-4E80-BD47-516CF5E369D8}.Release|x64.Build.0 = Release|Any CPU
		{497324F0-6B99-4E80-BD47-516CF5E369D8}.Release|x86.ActiveCfg = Release|Any CPU
		{497324F0-6B99-4E80-BD47-516CF5E369D8}.Release|x86.Build.0 = Release|Any CPU
		{DEED773C-1521-460A-B444-51BC3C483E86}.Debug|Any CPU.ActiveCfg = Debug|Any CPU
		{DEED773C-1521-460A-B444-51BC3C483E86}.Debug|Any CPU.Build.0 = Debug|Any CPU
		{DEED773C-1521-460A-B444-51BC3C483E86}.Debug|x64.ActiveCfg = Debug|Any CPU
		{DEED773C-1521-460A-B444-51BC3C483E86}.Debug|x64.Build.0 = Debug|Any CPU
		{DEED773C-1521-460A-B444-51BC3C483E86}.Debug|x86.ActiveCfg = Debug|Any CPU
		{DEED773C-1521-460A-B444-51BC3C483E86}.Debug|x86.Build.0 = Debug|Any CPU
		{DEED773C-1521-460A-B444-51BC3C483E86}.Release|Any CPU.ActiveCfg = Release|Any CPU
		{DEED773C-1521-460A-B444-51BC3C483E86}.Release|Any CPU.Build.0 = Release|Any CPU
		{DEED773C-1521-460A-B444-51BC3C483E86}.Release|x64.ActiveCfg = Release|Any CPU
		{DEED773C-1521-460A-B444-51BC3C483E86}.Release|x64.Build.0 = Release|Any CPU
		{DEED773C-1521-460A-B444-51BC3C483E86}.Release|x86.ActiveCfg = Release|Any CPU
		{DEED773C-1521-460A-B444-51BC3C483E86}.Release|x86.Build.0 = Release|Any CPU
		{1909FB11-B4D8-4D99-88B6-BAF83DA8BB57}.Debug|Any CPU.ActiveCfg = Debug|Any CPU
		{1909FB11-B4D8-4D99-88B6-BAF83DA8BB57}.Debug|Any CPU.Build.0 = Debug|Any CPU
		{1909FB11-B4D8-4D99-88B6-BAF83DA8BB57}.Debug|x64.ActiveCfg = Debug|Any CPU
		{1909FB11-B4D8-4D99-88B6-BAF83DA8BB57}.Debug|x64.Build.0 = Debug|Any CPU
		{1909FB11-B4D8-4D99-88B6-BAF83DA8BB57}.Debug|x86.ActiveCfg = Debug|Any CPU
		{1909FB11-B4D8-4D99-88B6-BAF83DA8BB57}.Debug|x86.Build.0 = Debug|Any CPU
		{1909FB11-B4D8-4D99-88B6-BAF83DA8BB57}.Release|Any CPU.ActiveCfg = Release|Any CPU
		{1909FB11-B4D8-4D99-88B6-BAF83DA8BB57}.Release|Any CPU.Build.0 = Release|Any CPU
		{1909FB11-B4D8-4D99-88B6-BAF83DA8BB57}.Release|x64.ActiveCfg = Release|Any CPU
		{1909FB11-B4D8-4D99-88B6-BAF83DA8BB57}.Release|x64.Build.0 = Release|Any CPU
		{1909FB11-B4D8-4D99-88B6-BAF83DA8BB57}.Release|x86.ActiveCfg = Release|Any CPU
		{1909FB11-B4D8-4D99-88B6-BAF83DA8BB57}.Release|x86.Build.0 = Release|Any CPU
		{10E0FD8D-07DF-465B-B57D-5ECB7A946713}.Debug|Any CPU.ActiveCfg = Debug|Any CPU
		{10E0FD8D-07DF-465B-B57D-5ECB7A946713}.Debug|Any CPU.Build.0 = Debug|Any CPU
		{10E0FD8D-07DF-465B-B57D-5ECB7A946713}.Debug|x64.ActiveCfg = Debug|Any CPU
		{10E0FD8D-07DF-465B-B57D-5ECB7A946713}.Debug|x64.Build.0 = Debug|Any CPU
		{10E0FD8D-07DF-465B-B57D-5ECB7A946713}.Debug|x86.ActiveCfg = Debug|Any CPU
		{10E0FD8D-07DF-465B-B57D-5ECB7A946713}.Debug|x86.Build.0 = Debug|Any CPU
		{10E0FD8D-07DF-465B-B57D-5ECB7A946713}.Release|Any CPU.ActiveCfg = Release|Any CPU
		{10E0FD8D-07DF-465B-B57D-5ECB7A946713}.Release|Any CPU.Build.0 = Release|Any CPU
		{10E0FD8D-07DF-465B-B57D-5ECB7A946713}.Release|x64.ActiveCfg = Release|Any CPU
		{10E0FD8D-07DF-465B-B57D-5ECB7A946713}.Release|x64.Build.0 = Release|Any CPU
		{10E0FD8D-07DF-465B-B57D-5ECB7A946713}.Release|x86.ActiveCfg = Release|Any CPU
		{10E0FD8D-07DF-465B-B57D-5ECB7A946713}.Release|x86.Build.0 = Release|Any CPU
		{B195092F-EA88-41D0-B677-B1DF4B7B2DFA}.Debug|Any CPU.ActiveCfg = Debug|Any CPU
		{B195092F-EA88-41D0-B677-B1DF4B7B2DFA}.Debug|Any CPU.Build.0 = Debug|Any CPU
		{B195092F-EA88-41D0-B677-B1DF4B7B2DFA}.Debug|x64.ActiveCfg = Debug|Any CPU
		{B195092F-EA88-41D0-B677-B1DF4B7B2DFA}.Debug|x64.Build.0 = Debug|Any CPU
		{B195092F-EA88-41D0-B677-B1DF4B7B2DFA}.Debug|x86.ActiveCfg = Debug|Any CPU
		{B195092F-EA88-41D0-B677-B1DF4B7B2DFA}.Debug|x86.Build.0 = Debug|Any CPU
		{B195092F-EA88-41D0-B677-B1DF4B7B2DFA}.Release|Any CPU.ActiveCfg = Release|Any CPU
		{B195092F-EA88-41D0-B677-B1DF4B7B2DFA}.Release|Any CPU.Build.0 = Release|Any CPU
		{B195092F-EA88-41D0-B677-B1DF4B7B2DFA}.Release|x64.ActiveCfg = Release|Any CPU
		{B195092F-EA88-41D0-B677-B1DF4B7B2DFA}.Release|x64.Build.0 = Release|Any CPU
		{B195092F-EA88-41D0-B677-B1DF4B7B2DFA}.Release|x86.ActiveCfg = Release|Any CPU
		{B195092F-EA88-41D0-B677-B1DF4B7B2DFA}.Release|x86.Build.0 = Release|Any CPU
		{450F4EE8-357A-4161-AC26-D018832494FA}.Debug|Any CPU.ActiveCfg = Debug|Any CPU
		{450F4EE8-357A-4161-AC26-D018832494FA}.Debug|Any CPU.Build.0 = Debug|Any CPU
		{450F4EE8-357A-4161-AC26-D018832494FA}.Debug|x64.ActiveCfg = Debug|Any CPU
		{450F4EE8-357A-4161-AC26-D018832494FA}.Debug|x64.Build.0 = Debug|Any CPU
		{450F4EE8-357A-4161-AC26-D018832494FA}.Debug|x86.ActiveCfg = Debug|Any CPU
		{450F4EE8-357A-4161-AC26-D018832494FA}.Debug|x86.Build.0 = Debug|Any CPU
		{450F4EE8-357A-4161-AC26-D018832494FA}.Release|Any CPU.ActiveCfg = Release|Any CPU
		{450F4EE8-357A-4161-AC26-D018832494FA}.Release|Any CPU.Build.0 = Release|Any CPU
		{450F4EE8-357A-4161-AC26-D018832494FA}.Release|x64.ActiveCfg = Release|Any CPU
		{450F4EE8-357A-4161-AC26-D018832494FA}.Release|x64.Build.0 = Release|Any CPU
		{450F4EE8-357A-4161-AC26-D018832494FA}.Release|x86.ActiveCfg = Release|Any CPU
		{450F4EE8-357A-4161-AC26-D018832494FA}.Release|x86.Build.0 = Release|Any CPU
		{C46A13D6-E458-4F7E-8BFB-5D650255AC66}.Debug|Any CPU.ActiveCfg = Debug|Any CPU
		{C46A13D6-E458-4F7E-8BFB-5D650255AC66}.Debug|Any CPU.Build.0 = Debug|Any CPU
		{C46A13D6-E458-4F7E-8BFB-5D650255AC66}.Debug|x64.ActiveCfg = Debug|Any CPU
		{C46A13D6-E458-4F7E-8BFB-5D650255AC66}.Debug|x64.Build.0 = Debug|Any CPU
		{C46A13D6-E458-4F7E-8BFB-5D650255AC66}.Debug|x86.ActiveCfg = Debug|Any CPU
		{C46A13D6-E458-4F7E-8BFB-5D650255AC66}.Debug|x86.Build.0 = Debug|Any CPU
		{C46A13D6-E458-4F7E-8BFB-5D650255AC66}.Release|Any CPU.ActiveCfg = Release|Any CPU
		{C46A13D6-E458-4F7E-8BFB-5D650255AC66}.Release|Any CPU.Build.0 = Release|Any CPU
		{C46A13D6-E458-4F7E-8BFB-5D650255AC66}.Release|x64.ActiveCfg = Release|Any CPU
		{C46A13D6-E458-4F7E-8BFB-5D650255AC66}.Release|x64.Build.0 = Release|Any CPU
		{C46A13D6-E458-4F7E-8BFB-5D650255AC66}.Release|x86.ActiveCfg = Release|Any CPU
		{C46A13D6-E458-4F7E-8BFB-5D650255AC66}.Release|x86.Build.0 = Release|Any CPU
		{806E3EA5-AD94-495E-A79A-3FE67E0E8C29}.Debug|Any CPU.ActiveCfg = Debug|Any CPU
		{806E3EA5-AD94-495E-A79A-3FE67E0E8C29}.Debug|Any CPU.Build.0 = Debug|Any CPU
		{806E3EA5-AD94-495E-A79A-3FE67E0E8C29}.Debug|x64.ActiveCfg = Debug|Any CPU
		{806E3EA5-AD94-495E-A79A-3FE67E0E8C29}.Debug|x64.Build.0 = Debug|Any CPU
		{806E3EA5-AD94-495E-A79A-3FE67E0E8C29}.Debug|x86.ActiveCfg = Debug|Any CPU
		{806E3EA5-AD94-495E-A79A-3FE67E0E8C29}.Debug|x86.Build.0 = Debug|Any CPU
		{806E3EA5-AD94-495E-A79A-3FE67E0E8C29}.Release|Any CPU.ActiveCfg = Release|Any CPU
		{806E3EA5-AD94-495E-A79A-3FE67E0E8C29}.Release|Any CPU.Build.0 = Release|Any CPU
		{806E3EA5-AD94-495E-A79A-3FE67E0E8C29}.Release|x64.ActiveCfg = Release|Any CPU
		{806E3EA5-AD94-495E-A79A-3FE67E0E8C29}.Release|x64.Build.0 = Release|Any CPU
		{806E3EA5-AD94-495E-A79A-3FE67E0E8C29}.Release|x86.ActiveCfg = Release|Any CPU
		{806E3EA5-AD94-495E-A79A-3FE67E0E8C29}.Release|x86.Build.0 = Release|Any CPU
	EndGlobalSection
	GlobalSection(SolutionProperties) = preSolution
		HideSolutionNode = FALSE
	EndGlobalSection
	GlobalSection(NestedProjects) = preSolution
		{9E6D00E4-8B73-4C7D-81E9-1BF41B500712} = {827E0CD3-B72D-47B6-A68D-7590B98EB39B}
		{2FBB7B42-DAB3-488E-8CF8-0A5EBA46D279} = {827E0CD3-B72D-47B6-A68D-7590B98EB39B}
		{497324F0-6B99-4E80-BD47-516CF5E369D8} = {827E0CD3-B72D-47B6-A68D-7590B98EB39B}
		{DEED773C-1521-460A-B444-51BC3C483E86} = {827E0CD3-B72D-47B6-A68D-7590B98EB39B}
		{1909FB11-B4D8-4D99-88B6-BAF83DA8BB57} = {827E0CD3-B72D-47B6-A68D-7590B98EB39B}
		{10E0FD8D-07DF-465B-B57D-5ECB7A946713} = {827E0CD3-B72D-47B6-A68D-7590B98EB39B}
		{B195092F-EA88-41D0-B677-B1DF4B7B2DFA} = {827E0CD3-B72D-47B6-A68D-7590B98EB39B}
		{C8C2CA6F-0E1F-9BB0-B371-31A6D8848142} = {F2E35B3E-9711-EDEC-6202-DB40BDEED14A}
		{450F4EE8-357A-4161-AC26-D018832494FA} = {C8C2CA6F-0E1F-9BB0-B371-31A6D8848142}
		{C46A13D6-E458-4F7E-8BFB-5D650255AC66} = {827E0CD3-B72D-47B6-A68D-7590B98EB39B}
		{806E3EA5-AD94-495E-A79A-3FE67E0E8C29} = {827E0CD3-B72D-47B6-A68D-7590B98EB39B}
	EndGlobalSection
EndGlobal
